
Microsoft Visual Studio Solution File, Format Version 12.00
# Visual Studio Version 16
VisualStudioVersion = 16.0.32106.194
MinimumVisualStudioVersion = 10.0.40219.1
Project("{9A19103F-16F7-4668-BE54-9A1E7A4F7556}") = "Practice7Serialization", "Practice7Serialization.csproj", "{5AE895C9-9CDC-4A9B-A14C-8CAAA681AABB}"
EndProject
Global
	GlobalSection(SolutionConfigurationPlatforms) = preSolution
		Debug|Any CPU = Debug|Any CPU
		Release|Any CPU = Release|Any CPU
	EndGlobalSection
	GlobalSection(ProjectConfigurationPlatforms) = postSolution
		{5AE895C9-9CDC-4A9B-A14C-8CAAA681AABB}.Debug|Any CPU.ActiveCfg = Debug|Any CPU
		{5AE895C9-9CDC-4A9B-A14C-8CAAA681AABB}.Debug|Any CPU.Build.0 = Debug|Any CPU
		{5AE895C9-9CDC-4A9B-A14C-8CAAA681AABB}.Release|Any CPU.ActiveCfg = Release|Any CPU
		{5AE895C9-9CDC-4A9B-A14C-8CAAA681AABB}.Release|Any CPU.Build.0 = Release|Any CPU
	EndGlobalSection
	GlobalSection(SolutionProperties) = preSolution
		HideSolutionNode = FALSE
	EndGlobalSection
	GlobalSection(ExtensibilityGlobals) = postSolution
		SolutionGuid = {54A01A4D-BD9E-4DDC-AFB4-0A6C48C8158F}
	EndGlobalSection
EndGlobal
